Microsoft Visual Studio Solution File, Format Version 12.00
# Visual Studio Version 17
VisualStudioVersion = 17.5.2.0
MinimumVisualStudioVersion = 10.0.40219.1
Project("{FAE04EC0-301F-11D3-BF4B-00C04F79EFBC}") = "OrderingAppBackend.Tests", "OrderingAppBackend.Tests.csproj", "{43231FD8-6166-50DF-821E-18A514484241}"
EndProject
Global
	GlobalSection(SolutionConfigurationPlatforms) = preSolution
		Debug|Any CPU = Debug|Any CPU
		Release|Any CPU = Release|Any CPU
	EndGlobalSection
	GlobalSection(ProjectConfigurationPlatforms) = postSolution
		{43231FD8-6166-50DF-821E-18A514484241}.Debug|Any CPU.ActiveCfg = Debug|Any CPU
		{43231FD8-6166-50DF-821E-18A514484241}.Debug|Any CPU.Build.0 = Debug|Any CPU
		{43231FD8-6166-50DF-821E-18A514484241}.Release|Any CPU.ActiveCfg = Release|Any CPU
		{43231FD8-6166-50DF-821E-18A514484241}.Release|Any CPU.Build.0 = Release|Any CPU
	EndGlobalSection
	GlobalSection(SolutionProperties) = preSolution
		HideSolutionNode = FALSE
	EndGlobalSection
	GlobalSection(ExtensibilityGlobals) = postSolution
		SolutionGuid = {5C501EEA-1B4C-4A75-82A5-EF1D46BDF1B3}
	EndGlobalSection
EndGlobal
